// !$*UTF8*$!
{
	archiveVersion = 1;
	classes = {
	};
	objectVersion = 56;
	objects = {

/* Begin PBXBuildFile section */
		622373AF2B084C94006990DD /* AnswerButtons.swift in Sources */ = {isa = PBXBuildFile; fileRef = 622373AE2B084C94006990DD /* AnswerButtons.swift */; };
		622373B12B09897F006990DD /* OLDModifyPlayer.swift in Sources */ = {isa = PBXBuildFile; fileRef = 622373B02B09897F006990DD /* OLDModifyPlayer.swift */; };
		622373B32B098A53006990DD /* CustomColorPicker.swift in Sources */ = {isa = PBXBuildFile; fileRef = 622373B22B098A53006990DD /* CustomColorPicker.swift */; };
		6236A02A2B09ADDB002542E7 /* IconPicker.swift in Sources */ = {isa = PBXBuildFile; fileRef = 6236A0292B09ADDB002542E7 /* IconPicker.swift */; };
		6236A02C2B09AE37002542E7 /* UserIcon.swift in Sources */ = {isa = PBXBuildFile; fileRef = 6236A02B2B09AE37002542E7 /* UserIcon.swift */; };
		6236A02E2B09B2EA002542E7 /* PlayerHeader.swift in Sources */ = {isa = PBXBuildFile; fileRef = 6236A02D2B09B2EA002542E7 /* PlayerHeader.swift */; };
		6236A0302B0ACA78002542E7 /* ButtonStyles.swift in Sources */ = {isa = PBXBuildFile; fileRef = 6236A02F2B0ACA78002542E7 /* ButtonStyles.swift */; };
		6236A0322B0C0D32002542E7 /* OLDSetupView.swift in Sources */ = {isa = PBXBuildFile; fileRef = 6236A0312B0C0D32002542E7 /* OLDSetupView.swift */; };
		6236A0382B0C3D55002542E7 /* MainView.swift in Sources */ = {isa = PBXBuildFile; fileRef = 6236A0372B0C3D55002542E7 /* MainView.swift */; };
		6236A03C2B0C41A7002542E7 /* LocalGameView.swift in Sources */ = {isa = PBXBuildFile; fileRef = 6236A03B2B0C41A7002542E7 /* LocalGameView.swift */; };
		6236A03E2B0C4293002542E7 /* SetupWaitingRoom.swift in Sources */ = {isa = PBXBuildFile; fileRef = 6236A03D2B0C4293002542E7 /* SetupWaitingRoom.swift */; };
		6236A0402B0C4304002542E7 /* OLDPlayerOverview.swift in Sources */ = {isa = PBXBuildFile; fileRef = 6236A03F2B0C4304002542E7 /* OLDPlayerOverview.swift */; };
		6236A0422B101B35002542E7 /* OLDPlayerResultsView.swift in Sources */ = {isa = PBXBuildFile; fileRef = 6236A0412B101B35002542E7 /* OLDPlayerResultsView.swift */; };
		6236A0442B1534BA002542E7 /* PlayerLabel.swift in Sources */ = {isa = PBXBuildFile; fileRef = 6236A0432B1534BA002542E7 /* PlayerLabel.swift */; };
		6236A0462B1E43A5002542E7 /* GoogleService-Info.plist in Resources */ = {isa = PBXBuildFile; fileRef = 6236A0452B1E43A5002542E7 /* GoogleService-Info.plist */; };
		6236A0492B1E4423002542E7 /* FirebaseAnalytics in Frameworks */ = {isa = PBXBuildFile; productRef = 6236A0482B1E4423002542E7 /* FirebaseAnalytics */; };
		6236A04B2B1E4423002542E7 /* FirebaseAnalyticsOnDeviceConversion in Frameworks */ = {isa = PBXBuildFile; productRef = 6236A04A2B1E4423002542E7 /* FirebaseAnalyticsOnDeviceConversion */; };
		6236A04D2B1E4423002542E7 /* FirebaseAnalyticsSwift in Frameworks */ = {isa = PBXBuildFile; productRef = 6236A04C2B1E4423002542E7 /* FirebaseAnalyticsSwift */; };
		6236A04F2B1E4423002542E7 /* FirebaseAnalyticsWithoutAdIdSupport in Frameworks */ = {isa = PBXBuildFile; productRef = 6236A04E2B1E4423002542E7 /* FirebaseAnalyticsWithoutAdIdSupport */; };
		6236A0512B1E4423002542E7 /* FirebaseAppCheck in Frameworks */ = {isa = PBXBuildFile; productRef = 6236A0502B1E4423002542E7 /* FirebaseAppCheck */; };
		6236A05E2B1FB0EA002542E7 /* FirebaseDatabase in Frameworks */ = {isa = PBXBuildFile; productRef = 6236A05D2B1FB0EA002542E7 /* FirebaseDatabase */; };
		6236A0602B1FB0EA002542E7 /* FirebaseDatabaseSwift in Frameworks */ = {isa = PBXBuildFile; productRef = 6236A05F2B1FB0EA002542E7 /* FirebaseDatabaseSwift */; };
		6236A0622B1FB7DC002542E7 /* Color.swift in Sources */ = {isa = PBXBuildFile; fileRef = 6236A0612B1FB7DC002542E7 /* Color.swift */; };
		6236A0682B1FC9F5002542E7 /* OLDGameViewModel.swift in Sources */ = {isa = PBXBuildFile; fileRef = 6236A0672B1FC9F5002542E7 /* OLDGameViewModel.swift */; };
		623D7F602B2A798300AD21DF /* Array.swift in Sources */ = {isa = PBXBuildFile; fileRef = 623D7F5F2B2A798300AD21DF /* Array.swift */; };
		623D7F622B2A7BB500AD21DF /* TEST.swift in Sources */ = {isa = PBXBuildFile; fileRef = 623D7F612B2A7BB500AD21DF /* TEST.swift */; };
		623D7F642B2A979300AD21DF /* Lobby.swift in Sources */ = {isa = PBXBuildFile; fileRef = 623D7F632B2A979300AD21DF /* Lobby.swift */; };
		623D7F662B2AC01300AD21DF /* GameView.swift in Sources */ = {isa = PBXBuildFile; fileRef = 623D7F652B2AC01300AD21DF /* GameView.swift */; };
		623D7F682B2AD67400AD21DF /* WaitView.swift in Sources */ = {isa = PBXBuildFile; fileRef = 623D7F672B2AD67400AD21DF /* WaitView.swift */; };
		623D7F6A2B2B815C00AD21DF /* PlayerOverView.swift in Sources */ = {isa = PBXBuildFile; fileRef = 623D7F692B2B815B00AD21DF /* PlayerOverView.swift */; };
		623D7F6C2B2B9CCD00AD21DF /* PlayerTurnView.swift in Sources */ = {isa = PBXBuildFile; fileRef = 623D7F6B2B2B9CCD00AD21DF /* PlayerTurnView.swift */; };
		623D7F6E2B2B9F0D00AD21DF /* GuessingView.swift in Sources */ = {isa = PBXBuildFile; fileRef = 623D7F6D2B2B9F0D00AD21DF /* GuessingView.swift */; };
		623D7F722B2BA65700AD21DF /* GiveTakeView.swift in Sources */ = {isa = PBXBuildFile; fileRef = 623D7F712B2BA65700AD21DF /* GiveTakeView.swift */; };
		6242613F2B000387001C5410 /* RideTheBusApp.swift in Sources */ = {isa = PBXBuildFile; fileRef = 6242613E2B000387001C5410 /* RideTheBusApp.swift */; };
		624261412B000387001C5410 /* OLDPlayersTurnView.swift in Sources */ = {isa = PBXBuildFile; fileRef = 624261402B000387001C5410 /* OLDPlayersTurnView.swift */; };
		624261432B000389001C5410 /* Assets.xcassets in Resources */ = {isa = PBXBuildFile; fileRef = 624261422B000389001C5410 /* Assets.xcassets */; };
		624261462B000389001C5410 /* Preview Assets.xcassets in Resources */ = {isa = PBXBuildFile; fileRef = 624261452B000389001C5410 /* Preview Assets.xcassets */; };
		6242614D2B0003A4001C5410 /* BigCard.swift in Sources */ = {isa = PBXBuildFile; fileRef = 6242614C2B0003A4001C5410 /* BigCard.swift */; };
		6242614F2B0144F5001C5410 /* OLDDeck.swift in Sources */ = {isa = PBXBuildFile; fileRef = 6242614E2B0144F5001C5410 /* OLDDeck.swift */; };
		627C61722B0429B500DE56A4 /* Card.swift in Sources */ = {isa = PBXBuildFile; fileRef = 627C61712B0429B500DE56A4 /* Card.swift */; };
		627C61742B042A7500DE56A4 /* MiniCard.swift in Sources */ = {isa = PBXBuildFile; fileRef = 627C61732B042A7500DE56A4 /* MiniCard.swift */; };
		627C617F2B05877D00DE56A4 /* OLDPlayerQueue.swift in Sources */ = {isa = PBXBuildFile; fileRef = 627C617E2B05877D00DE56A4 /* OLDPlayerQueue.swift */; };
		627C61812B05878F00DE56A4 /* OLDGame.swift in Sources */ = {isa = PBXBuildFile; fileRef = 627C61802B05878F00DE56A4 /* OLDGame.swift */; };
		628BA6242B267D97007D7041 /* RootView.swift in Sources */ = {isa = PBXBuildFile; fileRef = 628BA6232B267D97007D7041 /* RootView.swift */; };
		628BA6272B26847D007D7041 /* GameHeader.swift in Sources */ = {isa = PBXBuildFile; fileRef = 628BA6262B26847D007D7041 /* GameHeader.swift */; };
		628BA6292B269B32007D7041 /* CustomButtons.swift in Sources */ = {isa = PBXBuildFile; fileRef = 628BA6282B269B32007D7041 /* CustomButtons.swift */; };
		628BA62B2B278A7C007D7041 /* User.swift in Sources */ = {isa = PBXBuildFile; fileRef = 628BA62A2B278A7C007D7041 /* User.swift */; };
		628BA62D2B27D40D007D7041 /* JoinGameTextFieldAndButton.swift in Sources */ = {isa = PBXBuildFile; fileRef = 628BA62C2B27D40D007D7041 /* JoinGameTextFieldAndButton.swift */; };
		628BA62F2B27D5D1007D7041 /* ModifyUser.swift in Sources */ = {isa = PBXBuildFile; fileRef = 628BA62E2B27D5D1007D7041 /* ModifyUser.swift */; };
		628BA6312B27E3B1007D7041 /* GameManager.swift in Sources */ = {isa = PBXBuildFile; fileRef = 628BA6302B27E3B1007D7041 /* GameManager.swift */; };
		628BA6342B27E711007D7041 /* Encodable.swift in Sources */ = {isa = PBXBuildFile; fileRef = 628BA6332B27E711007D7041 /* Encodable.swift */; };
		628BA6372B27E92F007D7041 /* Game.swift in Sources */ = {isa = PBXBuildFile; fileRef = 628BA6362B27E92F007D7041 /* Game.swift */; };
		628BA6392B27E942007D7041 /* Player.swift in Sources */ = {isa = PBXBuildFile; fileRef = 628BA6382B27E942007D7041 /* Player.swift */; };
		628BA63B2B27EB8E007D7041 /* String.swift in Sources */ = {isa = PBXBuildFile; fileRef = 628BA63A2B27EB8E007D7041 /* String.swift */; };
		628BA63D2B28DBA8007D7041 /* PlayerPoints.swift in Sources */ = {isa = PBXBuildFile; fileRef = 628BA63C2B28DBA8007D7041 /* PlayerPoints.swift */; };
		628BA6412B2934FC007D7041 /* GameRepository.swift in Sources */ = {isa = PBXBuildFile; fileRef = 628BA6402B2934FC007D7041 /* GameRepository.swift */; };
		628BA6432B2991F1007D7041 /* WelcomeView.swift in Sources */ = {isa = PBXBuildFile; fileRef = 628BA6422B2991F1007D7041 /* WelcomeView.swift */; };
		628BA6452B2999AA007D7041 /* GameSetupView.swift in Sources */ = {isa = PBXBuildFile; fileRef = 628BA6442B2999AA007D7041 /* GameSetupView.swift */; };
		62B0604E2B2BCEEF005B393C /* GiveTakeCardDisplay.swift in Sources */ = {isa = PBXBuildFile; fileRef = 62B0604D2B2BCEEF005B393C /* GiveTakeCardDisplay.swift */; };
		62B060502B2E2FFE005B393C /* GiveView.swift in Sources */ = {isa = PBXBuildFile; fileRef = 62B0604F2B2E2FFE005B393C /* GiveView.swift */; };
		62B060522B2E3798005B393C /* NewGameView.swift in Sources */ = {isa = PBXBuildFile; fileRef = 62B060512B2E3798005B393C /* NewGameView.swift */; };
		62B060542B2E38F1005B393C /* PlayerBar.swift in Sources */ = {isa = PBXBuildFile; fileRef = 62B060532B2E38F1005B393C /* PlayerBar.swift */; };
		62B060562B2FBFC5005B393C /* ResultsView.swift in Sources */ = {isa = PBXBuildFile; fileRef = 62B060552B2FBFC5005B393C /* ResultsView.swift */; };
		62B0605A2B30DE0F005B393C /* TakeView.swift in Sources */ = {isa = PBXBuildFile; fileRef = 62B060592B30DE0F005B393C /* TakeView.swift */; };
		62FECDAD2B029E2300F13854 /* OLDGiveView.swift in Sources */ = {isa = PBXBuildFile; fileRef = 62FECDAC2B029E2300F13854 /* OLDGiveView.swift */; };
		62FECDAF2B02A08600F13854 /* OLDPlayer.swift in Sources */ = {isa = PBXBuildFile; fileRef = 62FECDAE2B02A08600F13854 /* OLDPlayer.swift */; };
		62FECDB12B03004400F13854 /* OLDPlayerView.swift in Sources */ = {isa = PBXBuildFile; fileRef = 62FECDB02B03004400F13854 /* OLDPlayerView.swift */; };
		62FECDB32B03143800F13854 /* OLDTakeView.swift in Sources */ = {isa = PBXBuildFile; fileRef = 62FECDB22B03143800F13854 /* OLDTakeView.swift */; };
		62FECDB52B0344FB00F13854 /* OLDGiveTakeView.swift in Sources */ = {isa = PBXBuildFile; fileRef = 62FECDB42B0344FB00F13854 /* OLDGiveTakeView.swift */; };
		62FECDB72B034FF200F13854 /* OLDWaitView.swift in Sources */ = {isa = PBXBuildFile; fileRef = 62FECDB62B034FF200F13854 /* OLDWaitView.swift */; };
/* End PBXBuildFile section */

/* Begin PBXFileReference section */
		622373AE2B084C94006990DD /* AnswerButtons.swift */ = {isa = PBXFileReference; lastKnownFileType = sourcecode.swift; path = AnswerButtons.swift; sourceTree = "<group>"; };
		622373B02B09897F006990DD /* OLDModifyPlayer.swift */ = {isa = PBXFileReference; lastKnownFileType = sourcecode.swift; path = OLDModifyPlayer.swift; sourceTree = "<group>"; };
		622373B22B098A53006990DD /* CustomColorPicker.swift */ = {isa = PBXFileReference; lastKnownFileType = sourcecode.swift; path = CustomColorPicker.swift; sourceTree = "<group>"; };
		6236A0292B09ADDB002542E7 /* IconPicker.swift */ = {isa = PBXFileReference; lastKnownFileType = sourcecode.swift; path = IconPicker.swift; sourceTree = "<group>"; };
		6236A02B2B09AE37002542E7 /* UserIcon.swift */ = {isa = PBXFileReference; lastKnownFileType = sourcecode.swift; path = UserIcon.swift; sourceTree = "<group>"; };
		6236A02D2B09B2EA002542E7 /* PlayerHeader.swift */ = {isa = PBXFileReference; lastKnownFileType = sourcecode.swift; path = PlayerHeader.swift; sourceTree = "<group>"; };
		6236A02F2B0ACA78002542E7 /* ButtonStyles.swift */ = {isa = PBXFileReference; lastKnownFileType = sourcecode.swift; path = ButtonStyles.swift; sourceTree = "<group>"; };
		6236A0312B0C0D32002542E7 /* OLDSetupView.swift */ = {isa = PBXFileReference; lastKnownFileType = sourcecode.swift; path = OLDSetupView.swift; sourceTree = "<group>"; };
		6236A0372B0C3D55002542E7 /* MainView.swift */ = {isa = PBXFileReference; lastKnownFileType = sourcecode.swift; path = MainView.swift; sourceTree = "<group>"; };
		6236A03B2B0C41A7002542E7 /* LocalGameView.swift */ = {isa = PBXFileReference; lastKnownFileType = sourcecode.swift; path = LocalGameView.swift; sourceTree = "<group>"; };
		6236A03D2B0C4293002542E7 /* SetupWaitingRoom.swift */ = {isa = PBXFileReference; lastKnownFileType = sourcecode.swift; path = SetupWaitingRoom.swift; sourceTree = "<group>"; };
		6236A03F2B0C4304002542E7 /* OLDPlayerOverview.swift */ = {isa = PBXFileReference; lastKnownFileType = sourcecode.swift; path = OLDPlayerOverview.swift; sourceTree = "<group>"; };
		6236A0412B101B35002542E7 /* OLDPlayerResultsView.swift */ = {isa = PBXFileReference; lastKnownFileType = sourcecode.swift; path = OLDPlayerResultsView.swift; sourceTree = "<group>"; };
		6236A0432B1534BA002542E7 /* PlayerLabel.swift */ = {isa = PBXFileReference; lastKnownFileType = sourcecode.swift; path = PlayerLabel.swift; sourceTree = "<group>"; };
		6236A0452B1E43A5002542E7 /* GoogleService-Info.plist */ = {isa = PBXFileReference; fileEncoding = 4; lastKnownFileType = text.plist.xml; name = "GoogleService-Info.plist"; path = "../../../../Desktop/GoogleService-Info.plist"; sourceTree = "<group>"; };
		6236A0612B1FB7DC002542E7 /* Color.swift */ = {isa = PBXFileReference; lastKnownFileType = sourcecode.swift; path = Color.swift; sourceTree = "<group>"; };
		6236A0672B1FC9F5002542E7 /* OLDGameViewModel.swift */ = {isa = PBXFileReference; lastKnownFileType = sourcecode.swift; path = OLDGameViewModel.swift; sourceTree = "<group>"; };
		623D7F5F2B2A798300AD21DF /* Array.swift */ = {isa = PBXFileReference; lastKnownFileType = sourcecode.swift; path = Array.swift; sourceTree = "<group>"; };
		623D7F612B2A7BB500AD21DF /* TEST.swift */ = {isa = PBXFileReference; lastKnownFileType = sourcecode.swift; path = TEST.swift; sourceTree = "<group>"; };
		623D7F632B2A979300AD21DF /* Lobby.swift */ = {isa = PBXFileReference; lastKnownFileType = sourcecode.swift; path = Lobby.swift; sourceTree = "<group>"; };
		623D7F652B2AC01300AD21DF /* GameView.swift */ = {isa = PBXFileReference; lastKnownFileType = sourcecode.swift; path = GameView.swift; sourceTree = "<group>"; };
		623D7F672B2AD67400AD21DF /* WaitView.swift */ = {isa = PBXFileReference; lastKnownFileType = sourcecode.swift; path = WaitView.swift; sourceTree = "<group>"; };
		623D7F692B2B815B00AD21DF /* PlayerOverView.swift */ = {isa = PBXFileReference; lastKnownFileType = sourcecode.swift; path = PlayerOverView.swift; sourceTree = "<group>"; };
		623D7F6B2B2B9CCD00AD21DF /* PlayerTurnView.swift */ = {isa = PBXFileReference; lastKnownFileType = sourcecode.swift; path = PlayerTurnView.swift; sourceTree = "<group>"; };
		623D7F6D2B2B9F0D00AD21DF /* GuessingView.swift */ = {isa = PBXFileReference; lastKnownFileType = sourcecode.swift; path = GuessingView.swift; sourceTree = "<group>"; };
		623D7F712B2BA65700AD21DF /* GiveTakeView.swift */ = {isa = PBXFileReference; lastKnownFileType = sourcecode.swift; path = GiveTakeView.swift; sourceTree = "<group>"; };
		6242613B2B000387001C5410 /* RideTheBus.app */ = {isa = PBXFileReference; explicitFileType = wrapper.application; includeInIndex = 0; path = RideTheBus.app; sourceTree = BUILT_PRODUCTS_DIR; };
		6242613E2B000387001C5410 /* RideTheBusApp.swift */ = {isa = PBXFileReference; lastKnownFileType = sourcecode.swift; path = RideTheBusApp.swift; sourceTree = "<group>"; };
		624261402B000387001C5410 /* OLDPlayersTurnView.swift */ = {isa = PBXFileReference; lastKnownFileType = sourcecode.swift; path = OLDPlayersTurnView.swift; sourceTree = "<group>"; };
		624261422B000389001C5410 /* Assets.xcassets */ = {isa = PBXFileReference; lastKnownFileType = folder.assetcatalog; path = Assets.xcassets; sourceTree = "<group>"; };
		624261452B000389001C5410 /* Preview Assets.xcassets */ = {isa = PBXFileReference; lastKnownFileType = folder.assetcatalog; path = "Preview Assets.xcassets"; sourceTree = "<group>"; };
		6242614C2B0003A4001C5410 /* BigCard.swift */ = {isa = PBXFileReference; lastKnownFileType = sourcecode.swift; path = BigCard.swift; sourceTree = "<group>"; };
		6242614E2B0144F5001C5410 /* OLDDeck.swift */ = {isa = PBXFileReference; lastKnownFileType = sourcecode.swift; path = OLDDeck.swift; sourceTree = "<group>"; };
		627C61712B0429B500DE56A4 /* Card.swift */ = {isa = PBXFileReference; lastKnownFileType = sourcecode.swift; path = Card.swift; sourceTree = "<group>"; };
		627C61732B042A7500DE56A4 /* MiniCard.swift */ = {isa = PBXFileReference; lastKnownFileType = sourcecode.swift; path = MiniCard.swift; sourceTree = "<group>"; };
		627C617E2B05877D00DE56A4 /* OLDPlayerQueue.swift */ = {isa = PBXFileReference; lastKnownFileType = sourcecode.swift; path = OLDPlayerQueue.swift; sourceTree = "<group>"; };
		627C61802B05878F00DE56A4 /* OLDGame.swift */ = {isa = PBXFileReference; lastKnownFileType = sourcecode.swift; path = OLDGame.swift; sourceTree = "<group>"; };
		628BA6232B267D97007D7041 /* RootView.swift */ = {isa = PBXFileReference; lastKnownFileType = sourcecode.swift; path = RootView.swift; sourceTree = "<group>"; };
		628BA6262B26847D007D7041 /* GameHeader.swift */ = {isa = PBXFileReference; lastKnownFileType = sourcecode.swift; path = GameHeader.swift; sourceTree = "<group>"; };
		628BA6282B269B32007D7041 /* CustomButtons.swift */ = {isa = PBXFileReference; lastKnownFileType = sourcecode.swift; path = CustomButtons.swift; sourceTree = "<group>"; };
		628BA62A2B278A7C007D7041 /* User.swift */ = {isa = PBXFileReference; lastKnownFileType = sourcecode.swift; path = User.swift; sourceTree = "<group>"; };
		628BA62C2B27D40D007D7041 /* JoinGameTextFieldAndButton.swift */ = {isa = PBXFileReference; lastKnownFileType = sourcecode.swift; path = JoinGameTextFieldAndButton.swift; sourceTree = "<group>"; };
		628BA62E2B27D5D1007D7041 /* ModifyUser.swift */ = {isa = PBXFileReference; lastKnownFileType = sourcecode.swift; path = ModifyUser.swift; sourceTree = "<group>"; };
		628BA6302B27E3B1007D7041 /* GameManager.swift */ = {isa = PBXFileReference; lastKnownFileType = sourcecode.swift; path = GameManager.swift; sourceTree = "<group>"; };
		628BA6332B27E711007D7041 /* Encodable.swift */ = {isa = PBXFileReference; lastKnownFileType = sourcecode.swift; path = Encodable.swift; sourceTree = "<group>"; };
		628BA6362B27E92F007D7041 /* Game.swift */ = {isa = PBXFileReference; lastKnownFileType = sourcecode.swift; path = Game.swift; sourceTree = "<group>"; };
		628BA6382B27E942007D7041 /* Player.swift */ = {isa = PBXFileReference; lastKnownFileType = sourcecode.swift; path = Player.swift; sourceTree = "<group>"; };
		628BA63A2B27EB8E007D7041 /* String.swift */ = {isa = PBXFileReference; lastKnownFileType = sourcecode.swift; path = String.swift; sourceTree = "<group>"; };
		628BA63C2B28DBA8007D7041 /* PlayerPoints.swift */ = {isa = PBXFileReference; lastKnownFileType = sourcecode.swift; path = PlayerPoints.swift; sourceTree = "<group>"; };
		628BA6402B2934FC007D7041 /* GameRepository.swift */ = {isa = PBXFileReference; lastKnownFileType = sourcecode.swift; path = GameRepository.swift; sourceTree = "<group>"; };
		628BA6422B2991F1007D7041 /* WelcomeView.swift */ = {isa = PBXFileReference; lastKnownFileType = sourcecode.swift; path = WelcomeView.swift; sourceTree = "<group>"; };
		628BA6442B2999AA007D7041 /* GameSetupView.swift */ = {isa = PBXFileReference; lastKnownFileType = sourcecode.swift; path = GameSetupView.swift; sourceTree = "<group>"; };
		62B0604D2B2BCEEF005B393C /* GiveTakeCardDisplay.swift */ = {isa = PBXFileReference; lastKnownFileType = sourcecode.swift; path = GiveTakeCardDisplay.swift; sourceTree = "<group>"; };
		62B0604F2B2E2FFE005B393C /* GiveView.swift */ = {isa = PBXFileReference; lastKnownFileType = sourcecode.swift; path = GiveView.swift; sourceTree = "<group>"; };
		62B060512B2E3798005B393C /* NewGameView.swift */ = {isa = PBXFileReference; lastKnownFileType = sourcecode.swift; path = NewGameView.swift; sourceTree = "<group>"; };
		62B060532B2E38F1005B393C /* PlayerBar.swift */ = {isa = PBXFileReference; lastKnownFileType = sourcecode.swift; path = PlayerBar.swift; sourceTree = "<group>"; };
		62B060552B2FBFC5005B393C /* ResultsView.swift */ = {isa = PBXFileReference; lastKnownFileType = sourcecode.swift; path = ResultsView.swift; sourceTree = "<group>"; };
		62B060592B30DE0F005B393C /* TakeView.swift */ = {isa = PBXFileReference; lastKnownFileType = sourcecode.swift; path = TakeView.swift; sourceTree = "<group>"; };
		62FECDAC2B029E2300F13854 /* OLDGiveView.swift */ = {isa = PBXFileReference; lastKnownFileType = sourcecode.swift; path = OLDGiveView.swift; sourceTree = "<group>"; };
		62FECDAE2B02A08600F13854 /* OLDPlayer.swift */ = {isa = PBXFileReference; lastKnownFileType = sourcecode.swift; path = OLDPlayer.swift; sourceTree = "<group>"; };
		62FECDB02B03004400F13854 /* OLDPlayerView.swift */ = {isa = PBXFileReference; lastKnownFileType = sourcecode.swift; path = OLDPlayerView.swift; sourceTree = "<group>"; };
		62FECDB22B03143800F13854 /* OLDTakeView.swift */ = {isa = PBXFileReference; lastKnownFileType = sourcecode.swift; path = OLDTakeView.swift; sourceTree = "<group>"; };
		62FECDB42B0344FB00F13854 /* OLDGiveTakeView.swift */ = {isa = PBXFileReference; lastKnownFileType = sourcecode.swift; path = OLDGiveTakeView.swift; sourceTree = "<group>"; };
		62FECDB62B034FF200F13854 /* OLDWaitView.swift */ = {isa = PBXFileReference; lastKnownFileType = sourcecode.swift; path = OLDWaitView.swift; sourceTree = "<group>"; };
/* End PBXFileReference section */

/* Begin PBXFrameworksBuildPhase section */
		624261382B000387001C5410 /* Frameworks */ = {
			isa = PBXFrameworksBuildPhase;
			buildActionMask = 2147483647;
			files = (
				6236A0602B1FB0EA002542E7 /* FirebaseDatabaseSwift in Frameworks */,
				6236A05E2B1FB0EA002542E7 /* FirebaseDatabase in Frameworks */,
				6236A04D2B1E4423002542E7 /* FirebaseAnalyticsSwift in Frameworks */,
				6236A0492B1E4423002542E7 /* FirebaseAnalytics in Frameworks */,
				6236A04B2B1E4423002542E7 /* FirebaseAnalyticsOnDeviceConversion in Frameworks */,
				6236A0512B1E4423002542E7 /* FirebaseAppCheck in Frameworks */,
				6236A04F2B1E4423002542E7 /* FirebaseAnalyticsWithoutAdIdSupport in Frameworks */,
			);
			runOnlyForDeploymentPostprocessing = 0;
		};
/* End PBXFrameworksBuildPhase section */

/* Begin PBXGroup section */
		6236A05C2B1FB0EA002542E7 /* Frameworks */ = {
			isa = PBXGroup;
			children = (
			);
			name = Frameworks;
			sourceTree = "<group>";
		};
		6236A0662B1FC9E4002542E7 /* ViewModel */ = {
			isa = PBXGroup;
			children = (
				6236A0672B1FC9F5002542E7 /* OLDGameViewModel.swift */,
			);
			path = ViewModel;
			sourceTree = "<group>";
		};
		623D7F6F2B2BA5E300AD21DF /* GameSetUpViews */ = {
			isa = PBXGroup;
			children = (
				628BA6442B2999AA007D7041 /* GameSetupView.swift */,
				628BA62E2B27D5D1007D7041 /* ModifyUser.swift */,
				62B060512B2E3798005B393C /* NewGameView.swift */,
			);
			path = GameSetUpViews;
			sourceTree = "<group>";
		};
		623D7F702B2BA63E00AD21DF /* PlayerTurnViews */ = {
			isa = PBXGroup;
			children = (
				623D7F6B2B2B9CCD00AD21DF /* PlayerTurnView.swift */,
				623D7F6D2B2B9F0D00AD21DF /* GuessingView.swift */,
				623D7F712B2BA65700AD21DF /* GiveTakeView.swift */,
			);
			path = PlayerTurnViews;
			sourceTree = "<group>";
		};
		624261322B000387001C5410 = {
			isa = PBXGroup;
			children = (
				6242613D2B000387001C5410 /* RideTheBus */,
				6242613C2B000387001C5410 /* Products */,
				6236A05C2B1FB0EA002542E7 /* Frameworks */,
			);
			sourceTree = "<group>";
		};
		6242613C2B000387001C5410 /* Products */ = {
			isa = PBXGroup;
			children = (
				6242613B2B000387001C5410 /* RideTheBus.app */,
			);
			name = Products;
			sourceTree = "<group>";
		};
		6242613D2B000387001C5410 /* RideTheBus */ = {
			isa = PBXGroup;
			children = (
				6242613E2B000387001C5410 /* RideTheBusApp.swift */,
				623D7F612B2A7BB500AD21DF /* TEST.swift */,
				628BA63F2B2934E7007D7041 /* Repository */,
				628BA63E2B2934D6007D7041 /* Manager */,
				628BA6322B27E6C9007D7041 /* Extension */,
				6236A0662B1FC9E4002542E7 /* ViewModel */,
				627C616E2B04292200DE56A4 /* View */,
				627C616F2B04295800DE56A4 /* SubView */,
				627C61702B04298C00DE56A4 /* Model */,
				624261422B000389001C5410 /* Assets.xcassets */,
				624261442B000389001C5410 /* Preview Content */,
			);
			path = RideTheBus;
			sourceTree = "<group>";
		};
		624261442B000389001C5410 /* Preview Content */ = {
			isa = PBXGroup;
			children = (
				6236A0452B1E43A5002542E7 /* GoogleService-Info.plist */,
				624261452B000389001C5410 /* Preview Assets.xcassets */,
			);
			path = "Preview Content";
			sourceTree = "<group>";
		};
		627C616E2B04292200DE56A4 /* View */ = {
			isa = PBXGroup;
			children = (
				628BA6232B267D97007D7041 /* RootView.swift */,
				628BA6422B2991F1007D7041 /* WelcomeView.swift */,
				6236A0372B0C3D55002542E7 /* MainView.swift */,
				623D7F6F2B2BA5E300AD21DF /* GameSetUpViews */,
				623D7F652B2AC01300AD21DF /* GameView.swift */,
				623D7F702B2BA63E00AD21DF /* PlayerTurnViews */,
				62B0604F2B2E2FFE005B393C /* GiveView.swift */,
				62B060592B30DE0F005B393C /* TakeView.swift */,
				623D7F672B2AD67400AD21DF /* WaitView.swift */,
				62B060552B2FBFC5005B393C /* ResultsView.swift */,
				628BA6222B267D44007D7041 /* Old */,
			);
			path = View;
			sourceTree = "<group>";
		};
		627C616F2B04295800DE56A4 /* SubView */ = {
			isa = PBXGroup;
			children = (
				6236A02B2B09AE37002542E7 /* UserIcon.swift */,
				628BA6262B26847D007D7041 /* GameHeader.swift */,
				628BA6282B269B32007D7041 /* CustomButtons.swift */,
				628BA62C2B27D40D007D7041 /* JoinGameTextFieldAndButton.swift */,
				622373B22B098A53006990DD /* CustomColorPicker.swift */,
				6236A0292B09ADDB002542E7 /* IconPicker.swift */,
				628BA6252B2681CC007D7041 /* Old */,
				623D7F692B2B815B00AD21DF /* PlayerOverView.swift */,
				62B0604D2B2BCEEF005B393C /* GiveTakeCardDisplay.swift */,
				62B060532B2E38F1005B393C /* PlayerBar.swift */,
			);
			path = SubView;
			sourceTree = "<group>";
		};
		627C61702B04298C00DE56A4 /* Model */ = {
			isa = PBXGroup;
			children = (
				627C61712B0429B500DE56A4 /* Card.swift */,
				628BA62A2B278A7C007D7041 /* User.swift */,
				628BA6362B27E92F007D7041 /* Game.swift */,
				628BA6382B27E942007D7041 /* Player.swift */,
				628BA63C2B28DBA8007D7041 /* PlayerPoints.swift */,
				628BA6352B27E907007D7041 /* OLD */,
				623D7F632B2A979300AD21DF /* Lobby.swift */,
			);
			path = Model;
			sourceTree = "<group>";
		};
		628BA6222B267D44007D7041 /* Old */ = {
			isa = PBXGroup;
			children = (
				624261402B000387001C5410 /* OLDPlayersTurnView.swift */,
				6236A0312B0C0D32002542E7 /* OLDSetupView.swift */,
				622373B02B09897F006990DD /* OLDModifyPlayer.swift */,
				6236A03D2B0C4293002542E7 /* SetupWaitingRoom.swift */,
				6236A03B2B0C41A7002542E7 /* LocalGameView.swift */,
				62FECDB02B03004400F13854 /* OLDPlayerView.swift */,
				62FECDB42B0344FB00F13854 /* OLDGiveTakeView.swift */,
				62FECDB62B034FF200F13854 /* OLDWaitView.swift */,
				62FECDAC2B029E2300F13854 /* OLDGiveView.swift */,
				62FECDB22B03143800F13854 /* OLDTakeView.swift */,
				6236A0412B101B35002542E7 /* OLDPlayerResultsView.swift */,
			);
			path = Old;
			sourceTree = "<group>";
		};
		628BA6252B2681CC007D7041 /* Old */ = {
			isa = PBXGroup;
			children = (
				6242614C2B0003A4001C5410 /* BigCard.swift */,
				627C61732B042A7500DE56A4 /* MiniCard.swift */,
				622373AE2B084C94006990DD /* AnswerButtons.swift */,
				6236A02D2B09B2EA002542E7 /* PlayerHeader.swift */,
				6236A02F2B0ACA78002542E7 /* ButtonStyles.swift */,
				6236A03F2B0C4304002542E7 /* OLDPlayerOverview.swift */,
				6236A0432B1534BA002542E7 /* PlayerLabel.swift */,
			);
			path = Old;
			sourceTree = "<group>";
		};
		628BA6322B27E6C9007D7041 /* Extension */ = {
			isa = PBXGroup;
			children = (
				6236A0612B1FB7DC002542E7 /* Color.swift */,
				628BA6332B27E711007D7041 /* Encodable.swift */,
				628BA63A2B27EB8E007D7041 /* String.swift */,
				623D7F5F2B2A798300AD21DF /* Array.swift */,
			);
			path = Extension;
			sourceTree = "<group>";
		};
		628BA6352B27E907007D7041 /* OLD */ = {
			isa = PBXGroup;
			children = (
				62FECDAE2B02A08600F13854 /* OLDPlayer.swift */,
				6242614E2B0144F5001C5410 /* OLDDeck.swift */,
				627C617E2B05877D00DE56A4 /* OLDPlayerQueue.swift */,
				627C61802B05878F00DE56A4 /* OLDGame.swift */,
			);
			path = OLD;
			sourceTree = "<group>";
		};
		628BA63E2B2934D6007D7041 /* Manager */ = {
			isa = PBXGroup;
			children = (
				628BA6302B27E3B1007D7041 /* GameManager.swift */,
			);
			path = Manager;
			sourceTree = "<group>";
		};
		628BA63F2B2934E7007D7041 /* Repository */ = {
			isa = PBXGroup;
			children = (
				628BA6402B2934FC007D7041 /* GameRepository.swift */,
			);
			path = Repository;
			sourceTree = "<group>";
		};
/* End PBXGroup section */

/* Begin PBXNativeTarget section */
		6242613A2B000387001C5410 /* RideTheBus */ = {
			isa = PBXNativeTarget;
			buildConfigurationList = 624261492B000389001C5410 /* Build configuration list for PBXNativeTarget "RideTheBus" */;
			buildPhases = (
				624261372B000387001C5410 /* Sources */,
				624261382B000387001C5410 /* Frameworks */,
				624261392B000387001C5410 /* Resources */,
			);
			buildRules = (
			);
			dependencies = (
			);
			name = RideTheBus;
			packageProductDependencies = (
				6236A0482B1E4423002542E7 /* FirebaseAnalytics */,
				6236A04A2B1E4423002542E7 /* FirebaseAnalyticsOnDeviceConversion */,
				6236A04C2B1E4423002542E7 /* FirebaseAnalyticsSwift */,
				6236A04E2B1E4423002542E7 /* FirebaseAnalyticsWithoutAdIdSupport */,
				6236A0502B1E4423002542E7 /* FirebaseAppCheck */,
				6236A05D2B1FB0EA002542E7 /* FirebaseDatabase */,
				6236A05F2B1FB0EA002542E7 /* FirebaseDatabaseSwift */,
			);
			productName = IrishPoker;
			productReference = 6242613B2B000387001C5410 /* RideTheBus.app */;
			productType = "com.apple.product-type.application";
		};
/* End PBXNativeTarget section */

/* Begin PBXProject section */
		624261332B000387001C5410 /* Project object */ = {
			isa = PBXProject;
			attributes = {
				BuildIndependentTargetsInParallel = 1;
				LastSwiftUpdateCheck = 1500;
				LastUpgradeCheck = 1500;
				TargetAttributes = {
					6242613A2B000387001C5410 = {
						CreatedOnToolsVersion = 15.0;
					};
				};
			};
			buildConfigurationList = 624261362B000387001C5410 /* Build configuration list for PBXProject "RideTheBus" */;
			compatibilityVersion = "Xcode 14.0";
			developmentRegion = en;
			hasScannedForEncodings = 0;
			knownRegions = (
				en,
				Base,
			);
			mainGroup = 624261322B000387001C5410;
			packageReferences = (
				6236A0472B1E4423002542E7 /* XCRemoteSwiftPackageReference "firebase-ios-sdk" */,
			);
			productRefGroup = 6242613C2B000387001C5410 /* Products */;
			projectDirPath = "";
			projectRoot = "";
			targets = (
				6242613A2B000387001C5410 /* RideTheBus */,
			);
		};
/* End PBXProject section */

/* Begin PBXResourcesBuildPhase section */
		624261392B000387001C5410 /* Resources */ = {
			isa = PBXResourcesBuildPhase;
			buildActionMask = 2147483647;
			files = (
				624261462B000389001C5410 /* Preview Assets.xcassets in Resources */,
				624261432B000389001C5410 /* Assets.xcassets in Resources */,
				6236A0462B1E43A5002542E7 /* GoogleService-Info.plist in Resources */,
			);
			runOnlyForDeploymentPostprocessing = 0;
		};
/* End PBXResourcesBuildPhase section */

/* Begin PBXSourcesBuildPhase section */
		624261372B000387001C5410 /* Sources */ = {
			isa = PBXSourcesBuildPhase;
			buildActionMask = 2147483647;
			files = (
				6242614F2B0144F5001C5410 /* OLDDeck.swift in Sources */,
				6236A0382B0C3D55002542E7 /* MainView.swift in Sources */,
				6236A02C2B09AE37002542E7 /* UserIcon.swift in Sources */,
				627C61812B05878F00DE56A4 /* OLDGame.swift in Sources */,
				62FECDB32B03143800F13854 /* OLDTakeView.swift in Sources */,
				623D7F622B2A7BB500AD21DF /* TEST.swift in Sources */,
				628BA6412B2934FC007D7041 /* GameRepository.swift in Sources */,
				623D7F602B2A798300AD21DF /* Array.swift in Sources */,
				62FECDAD2B029E2300F13854 /* OLDGiveView.swift in Sources */,
				628BA62F2B27D5D1007D7041 /* ModifyUser.swift in Sources */,
				624261412B000387001C5410 /* OLDPlayersTurnView.swift in Sources */,
				6236A0682B1FC9F5002542E7 /* OLDGameViewModel.swift in Sources */,
				628BA6242B267D97007D7041 /* RootView.swift in Sources */,
				6236A0302B0ACA78002542E7 /* ButtonStyles.swift in Sources */,
				6236A02A2B09ADDB002542E7 /* IconPicker.swift in Sources */,
				62B060502B2E2FFE005B393C /* GiveView.swift in Sources */,
				622373B32B098A53006990DD /* CustomColorPicker.swift in Sources */,
				6242614D2B0003A4001C5410 /* BigCard.swift in Sources */,
				623D7F682B2AD67400AD21DF /* WaitView.swift in Sources */,
				628BA62B2B278A7C007D7041 /* User.swift in Sources */,
				6236A0402B0C4304002542E7 /* OLDPlayerOverview.swift in Sources */,
				62B060562B2FBFC5005B393C /* ResultsView.swift in Sources */,
				627C61742B042A7500DE56A4 /* MiniCard.swift in Sources */,
				6236A0422B101B35002542E7 /* OLDPlayerResultsView.swift in Sources */,
				628BA63B2B27EB8E007D7041 /* String.swift in Sources */,
				628BA6272B26847D007D7041 /* GameHeader.swift in Sources */,
				623D7F722B2BA65700AD21DF /* GiveTakeView.swift in Sources */,
				628BA62D2B27D40D007D7041 /* JoinGameTextFieldAndButton.swift in Sources */,
				628BA6452B2999AA007D7041 /* GameSetupView.swift in Sources */,
				62B060522B2E3798005B393C /* NewGameView.swift in Sources */,
				62FECDAF2B02A08600F13854 /* OLDPlayer.swift in Sources */,
				6236A02E2B09B2EA002542E7 /* PlayerHeader.swift in Sources */,
				622373AF2B084C94006990DD /* AnswerButtons.swift in Sources */,
				622373B12B09897F006990DD /* OLDModifyPlayer.swift in Sources */,
				628BA6292B269B32007D7041 /* CustomButtons.swift in Sources */,
				62B060542B2E38F1005B393C /* PlayerBar.swift in Sources */,
				62B0604E2B2BCEEF005B393C /* GiveTakeCardDisplay.swift in Sources */,
				623D7F6A2B2B815C00AD21DF /* PlayerOverView.swift in Sources */,
				6236A0442B1534BA002542E7 /* PlayerLabel.swift in Sources */,
				628BA6392B27E942007D7041 /* Player.swift in Sources */,
				623D7F662B2AC01300AD21DF /* GameView.swift in Sources */,
				62FECDB52B0344FB00F13854 /* OLDGiveTakeView.swift in Sources */,
				623D7F6C2B2B9CCD00AD21DF /* PlayerTurnView.swift in Sources */,
				628BA6342B27E711007D7041 /* Encodable.swift in Sources */,
				62FECDB72B034FF200F13854 /* OLDWaitView.swift in Sources */,
				6236A03C2B0C41A7002542E7 /* LocalGameView.swift in Sources */,
				628BA6372B27E92F007D7041 /* Game.swift in Sources */,
				6236A0622B1FB7DC002542E7 /* Color.swift in Sources */,
				6242613F2B000387001C5410 /* RideTheBusApp.swift in Sources */,
				62FECDB12B03004400F13854 /* OLDPlayerView.swift in Sources */,
				628BA6312B27E3B1007D7041 /* GameManager.swift in Sources */,
				623D7F642B2A979300AD21DF /* Lobby.swift in Sources */,
				623D7F6E2B2B9F0D00AD21DF /* GuessingView.swift in Sources */,
				62B0605A2B30DE0F005B393C /* TakeView.swift in Sources */,
				627C617F2B05877D00DE56A4 /* OLDPlayerQueue.swift in Sources */,
				628BA6432B2991F1007D7041 /* WelcomeView.swift in Sources */,
				6236A03E2B0C4293002542E7 /* SetupWaitingRoom.swift in Sources */,
				6236A0322B0C0D32002542E7 /* OLDSetupView.swift in Sources */,
				627C61722B0429B500DE56A4 /* Card.swift in Sources */,
				628BA63D2B28DBA8007D7041 /* PlayerPoints.swift in Sources */,
			);
			runOnlyForDeploymentPostprocessing = 0;
		};
/* End PBXSourcesBuildPhase section */

/* Begin XCBuildConfiguration section */
		624261472B000389001C5410 /* Debug */ = {
			isa = XCBuildConfiguration;
			buildSettings = {
				ALWAYS_SEARCH_USER_PATHS = NO;
				ASSETCATALOG_COMPILER_GENERATE_SWIFT_ASSET_SYMBOL_EXTENSIONS = YES;
				CLANG_ANALYZER_NONNULL = YES;
				CLANG_ANALYZER_NUMBER_OBJECT_CONVERSION = YES_AGGRESSIVE;
				CLANG_CXX_LANGUAGE_STANDARD = "gnu++20";
				CLANG_ENABLE_MODULES = YES;
				CLANG_ENABLE_OBJC_ARC = YES;
				CLANG_ENABLE_OBJC_WEAK = YES;
				CLANG_WARN_BLOCK_CAPTURE_AUTORELEASING = YES;
				CLANG_WARN_BOOL_CONVERSION = YES;
				CLANG_WARN_COMMA = YES;
				CLANG_WARN_CONSTANT_CONVERSION = YES;
				CLANG_WARN_DEPRECATED_OBJC_IMPLEMENTATIONS = YES;
				CLANG_WARN_DIRECT_OBJC_ISA_USAGE = YES_ERROR;
				CLANG_WARN_DOCUMENTATION_COMMENTS = YES;
				CLANG_WARN_EMPTY_BODY = YES;
				CLANG_WARN_ENUM_CONVERSION = YES;
				CLANG_WARN_INFINITE_RECURSION = YES;
				CLANG_WARN_INT_CONVERSION = YES;
				CLANG_WARN_NON_LITERAL_NULL_CONVERSION = YES;
				CLANG_WARN_OBJC_IMPLICIT_RETAIN_SELF = YES;
				CLANG_WARN_OBJC_LITERAL_CONVERSION = YES;
				CLANG_WARN_OBJC_ROOT_CLASS = YES_ERROR;
				CLANG_WARN_QUOTED_INCLUDE_IN_FRAMEWORK_HEADER = YES;
				CLANG_WARN_RANGE_LOOP_ANALYSIS = YES;
				CLANG_WARN_STRICT_PROTOTYPES = YES;
				CLANG_WARN_SUSPICIOUS_MOVE = YES;
				CLANG_WARN_UNGUARDED_AVAILABILITY = YES_AGGRESSIVE;
				CLANG_WARN_UNREACHABLE_CODE = YES;
				CLANG_WARN__DUPLICATE_METHOD_MATCH = YES;
				COPY_PHASE_STRIP = NO;
				DEBUG_INFORMATION_FORMAT = dwarf;
				ENABLE_STRICT_OBJC_MSGSEND = YES;
				ENABLE_TESTABILITY = YES;
				ENABLE_USER_SCRIPT_SANDBOXING = YES;
				GCC_C_LANGUAGE_STANDARD = gnu17;
				GCC_DYNAMIC_NO_PIC = NO;
				GCC_NO_COMMON_BLOCKS = YES;
				GCC_OPTIMIZATION_LEVEL = 0;
				GCC_PREPROCESSOR_DEFINITIONS = (
					"DEBUG=1",
					"$(inherited)",
				);
				GCC_WARN_64_TO_32_BIT_CONVERSION = YES;
				GCC_WARN_ABOUT_RETURN_TYPE = YES_ERROR;
				GCC_WARN_UNDECLARED_SELECTOR = YES;
				GCC_WARN_UNINITIALIZED_AUTOS = YES_AGGRESSIVE;
				GCC_WARN_UNUSED_FUNCTION = YES;
				GCC_WARN_UNUSED_VARIABLE = YES;
				IPHONEOS_DEPLOYMENT_TARGET = 17.0;
				LOCALIZATION_PREFERS_STRING_CATALOGS = YES;
				MTL_ENABLE_DEBUG_INFO = INCLUDE_SOURCE;
				MTL_FAST_MATH = YES;
				ONLY_ACTIVE_ARCH = YES;
				SDKROOT = iphoneos;
				SWIFT_ACTIVE_COMPILATION_CONDITIONS = "DEBUG $(inherited)";
				SWIFT_OPTIMIZATION_LEVEL = "-Onone";
			};
			name = Debug;
		};
		624261482B000389001C5410 /* Release */ = {
			isa = XCBuildConfiguration;
			buildSettings = {
				ALWAYS_SEARCH_USER_PATHS = NO;
				ASSETCATALOG_COMPILER_GENERATE_SWIFT_ASSET_SYMBOL_EXTENSIONS = YES;
				CLANG_ANALYZER_NONNULL = YES;
				CLANG_ANALYZER_NUMBER_OBJECT_CONVERSION = YES_AGGRESSIVE;
				CLANG_CXX_LANGUAGE_STANDARD = "gnu++20";
				CLANG_ENABLE_MODULES = YES;
				CLANG_ENABLE_OBJC_ARC = YES;
				CLANG_ENABLE_OBJC_WEAK = YES;
				CLANG_WARN_BLOCK_CAPTURE_AUTORELEASING = YES;
				CLANG_WARN_BOOL_CONVERSION = YES;
				CLANG_WARN_COMMA = YES;
				CLANG_WARN_CONSTANT_CONVERSION = YES;
				CLANG_WARN_DEPRECATED_OBJC_IMPLEMENTATIONS = YES;
				CLANG_WARN_DIRECT_OBJC_ISA_USAGE = YES_ERROR;
				CLANG_WARN_DOCUMENTATION_COMMENTS = YES;
				CLANG_WARN_EMPTY_BODY = YES;
				CLANG_WARN_ENUM_CONVERSION = YES;
				CLANG_WARN_INFINITE_RECURSION = YES;
				CLANG_WARN_INT_CONVERSION = YES;
				CLANG_WARN_NON_LITERAL_NULL_CONVERSION = YES;
				CLANG_WARN_OBJC_IMPLICIT_RETAIN_SELF = YES;
				CLANG_WARN_OBJC_LITERAL_CONVERSION = YES;
				CLANG_WARN_OBJC_ROOT_CLASS = YES_ERROR;
				CLANG_WARN_QUOTED_INCLUDE_IN_FRAMEWORK_HEADER = YES;
				CLANG_WARN_RANGE_LOOP_ANALYSIS = YES;
				CLANG_WARN_STRICT_PROTOTYPES = YES;
				CLANG_WARN_SUSPICIOUS_MOVE = YES;
				CLANG_WARN_UNGUARDED_AVAILABILITY = YES_AGGRESSIVE;
				CLANG_WARN_UNREACHABLE_CODE = YES;
				CLANG_WARN__DUPLICATE_METHOD_MATCH = YES;
				COPY_PHASE_STRIP = NO;
				DEBUG_INFORMATION_FORMAT = "dwarf-with-dsym";
				ENABLE_NS_ASSERTIONS = NO;
				ENABLE_STRICT_OBJC_MSGSEND = YES;
				ENABLE_USER_SCRIPT_SANDBOXING = YES;
				GCC_C_LANGUAGE_STANDARD = gnu17;
				GCC_NO_COMMON_BLOCKS = YES;
				GCC_WARN_64_TO_32_BIT_CONVERSION = YES;
				GCC_WARN_ABOUT_RETURN_TYPE = YES_ERROR;
				GCC_WARN_UNDECLARED_SELECTOR = YES;
				GCC_WARN_UNINITIALIZED_AUTOS = YES_AGGRESSIVE;
				GCC_WARN_UNUSED_FUNCTION = YES;
				GCC_WARN_UNUSED_VARIABLE = YES;
				IPHONEOS_DEPLOYMENT_TARGET = 17.0;
				LOCALIZATION_PREFERS_STRING_CATALOGS = YES;
				MTL_ENABLE_DEBUG_INFO = NO;
				MTL_FAST_MATH = YES;
				SDKROOT = iphoneos;
				SWIFT_COMPILATION_MODE = wholemodule;
				VALIDATE_PRODUCT = YES;
			};
			name = Release;
		};
		6242614A2B000389001C5410 /* Debug */ = {
			isa = XCBuildConfiguration;
			buildSettings = {
				ASSETCATALOG_COMPILER_APPICON_NAME = AppIcon;
				ASSETCATALOG_COMPILER_GLOBAL_ACCENT_COLOR_NAME = AccentColor;
				CODE_SIGN_STYLE = Automatic;
				CURRENT_PROJECT_VERSION = 1;
				DEVELOPMENT_ASSET_PATHS = "\"RideTheBus/Preview Content\"";
				DEVELOPMENT_TEAM = 49HBQH4LWP;
				ENABLE_PREVIEWS = YES;
				GENERATE_INFOPLIST_FILE = YES;
				INFOPLIST_KEY_UIApplicationSceneManifest_Generation = YES;
				INFOPLIST_KEY_UIApplicationSupportsIndirectInputEvents = YES;
				INFOPLIST_KEY_UILaunchScreen_Generation = YES;
				INFOPLIST_KEY_UISupportedInterfaceOrientations_iPad = "UIInterfaceOrientationPortrait UIInterfaceOrientationPortraitUpsideDown UIInterfaceOrientationLandscapeLeft UIInterfaceOrientationLandscapeRight";
				INFOPLIST_KEY_UISupportedInterfaceOrientations_iPhone = "UIInterfaceOrientationPortrait UIInterfaceOrientationLandscapeLeft UIInterfaceOrientationLandscapeRight";
				INFOPLIST_KEY_UIUserInterfaceStyle = Light;
				LD_RUNPATH_SEARCH_PATHS = (
					"$(inherited)",
					"@executable_path/Frameworks",
				);
				MARKETING_VERSION = 1.0;
				PRODUCT_BUNDLE_IDENTIFIER = com.JeremyManlangit.RideTheBus;
				PRODUCT_NAME = "$(TARGET_NAME)";
				SWIFT_EMIT_LOC_STRINGS = YES;
				SWIFT_VERSION = 5.0;
				TARGETED_DEVICE_FAMILY = "1,2";
			};
			name = Debug;
		};
		6242614B2B000389001C5410 /* Release */ = {
			isa = XCBuildConfiguration;
			buildSettings = {
				ASSETCATALOG_COMPILER_APPICON_NAME = AppIcon;
				ASSETCATALOG_COMPILER_GLOBAL_ACCENT_COLOR_NAME = AccentColor;
				CODE_SIGN_STYLE = Automatic;
				CURRENT_PROJECT_VERSION = 1;
				DEVELOPMENT_ASSET_PATHS = "\"RideTheBus/Preview Content\"";
				DEVELOPMENT_TEAM = 49HBQH4LWP;
				ENABLE_PREVIEWS = YES;
				GENERATE_INFOPLIST_FILE = YES;
				INFOPLIST_KEY_UIApplicationSceneManifest_Generation = YES;
				INFOPLIST_KEY_UIApplicationSupportsIndirectInputEvents = YES;
				INFOPLIST_KEY_UILaunchScreen_Generation = YES;
				INFOPLIST_KEY_UISupportedInterfaceOrientations_iPad = "UIInterfaceOrientationPortrait UIInterfaceOrientationPortraitUpsideDown UIInterfaceOrientationLandscapeLeft UIInterfaceOrientationLandscapeRight";
				INFOPLIST_KEY_UISupportedInterfaceOrientations_iPhone = "UIInterfaceOrientationPortrait UIInterfaceOrientationLandscapeLeft UIInterfaceOrientationLandscapeRight";
				INFOPLIST_KEY_UIUserInterfaceStyle = Light;
				LD_RUNPATH_SEARCH_PATHS = (
					"$(inherited)",
					"@executable_path/Frameworks",
				);
				MARKETING_VERSION = 1.0;
				PRODUCT_BUNDLE_IDENTIFIER = com.JeremyManlangit.RideTheBus;
				PRODUCT_NAME = "$(TARGET_NAME)";
				SWIFT_EMIT_LOC_STRINGS = YES;
				SWIFT_VERSION = 5.0;
				TARGETED_DEVICE_FAMILY = "1,2";
			};
			name = Release;
		};
/* End XCBuildConfiguration section */

/* Begin XCConfigurationList section */
		624261362B000387001C5410 /* Build configuration list for PBXProject "RideTheBus" */ = {
			isa = XCConfigurationList;
			buildConfigurations = (
				624261472B000389001C5410 /* Debug */,
				624261482B000389001C5410 /* Release */,
			);
			defaultConfigurationIsVisible = 0;
			defaultConfigurationName = Release;
		};
		624261492B000389001C5410 /* Build configuration list for PBXNativeTarget "RideTheBus" */ = {
			isa = XCConfigurationList;
			buildConfigurations = (
				6242614A2B000389001C5410 /* Debug */,
				6242614B2B000389001C5410 /* Release */,
			);
			defaultConfigurationIsVisible = 0;
			defaultConfigurationName = Release;
		};
/* End XCConfigurationList section */

/* Begin XCRemoteSwiftPackageReference section */
		6236A0472B1E4423002542E7 /* XCRemoteSwiftPackageReference "firebase-ios-sdk" */ = {
			isa = XCRemoteSwiftPackageReference;
			repositoryURL = "https://github.com/firebase/firebase-ios-sdk.git";
			requirement = {
				kind = upToNextMajorVersion;
				minimumVersion = 10.18.0;
			};
		};
/* End XCRemoteSwiftPackageReference section */

/* Begin XCSwiftPackageProductDependency section */
		6236A0482B1E4423002542E7 /* FirebaseAnalytics */ = {
			isa = XCSwiftPackageProductDependency;
			package = 6236A0472B1E4423002542E7 /* XCRemoteSwiftPackageReference "firebase-ios-sdk" */;
			productName = FirebaseAnalytics;
		};
		6236A04A2B1E4423002542E7 /* FirebaseAnalyticsOnDeviceConversion */ = {
			isa = XCSwiftPackageProductDependency;
			package = 6236A0472B1E4423002542E7 /* XCRemoteSwiftPackageReference "firebase-ios-sdk" */;
			productName = FirebaseAnalyticsOnDeviceConversion;
		};
		6236A04C2B1E4423002542E7 /* FirebaseAnalyticsSwift */ = {
			isa = XCSwiftPackageProductDependency;
			package = 6236A0472B1E4423002542E7 /* XCRemoteSwiftPackageReference "firebase-ios-sdk" */;
			productName = FirebaseAnalyticsSwift;
		};
		6236A04E2B1E4423002542E7 /* FirebaseAnalyticsWithoutAdIdSupport */ = {
			isa = XCSwiftPackageProductDependency;
			package = 6236A0472B1E4423002542E7 /* XCRemoteSwiftPackageReference "firebase-ios-sdk" */;
			productName = FirebaseAnalyticsWithoutAdIdSupport;
		};
		6236A0502B1E4423002542E7 /* FirebaseAppCheck */ = {
			isa = XCSwiftPackageProductDependency;
			package = 6236A0472B1E4423002542E7 /* XCRemoteSwiftPackageReference "firebase-ios-sdk" */;
			productName = FirebaseAppCheck;
		};
		6236A05D2B1FB0EA002542E7 /* FirebaseDatabase */ = {
			isa = XCSwiftPackageProductDependency;
			package = 6236A0472B1E4423002542E7 /* XCRemoteSwiftPackageReference "firebase-ios-sdk" */;
			productName = FirebaseDatabase;
		};
		6236A05F2B1FB0EA002542E7 /* FirebaseDatabaseSwift */ = {
			isa = XCSwiftPackageProductDependency;
			package = 6236A0472B1E4423002542E7 /* XCRemoteSwiftPackageReference "firebase-ios-sdk" */;
			productName = FirebaseDatabaseSwift;
		};
/* End XCSwiftPackageProductDependency section */
	};
	rootObject = 624261332B000387001C5410 /* Project object */;
}
