// !$*UTF8*$!
{
	archiveVersion = 1;
	classes = {
	};
	objectVersion = 56;
	objects = {

/* Begin PBXBuildFile section */
		622373AF2B084C94006990DD /* AnswerButtons.swift in Sources */ = {isa = PBXBuildFile; fileRef = 622373AE2B084C94006990DD /* AnswerButtons.swift */; };
		622373B12B09897F006990DD /* ModifyPlayer.swift in Sources */ = {isa = PBXBuildFile; fileRef = 622373B02B09897F006990DD /* ModifyPlayer.swift */; };
		622373B32B098A53006990DD /* CustomColorPicker.swift in Sources */ = {isa = PBXBuildFile; fileRef = 622373B22B098A53006990DD /* CustomColorPicker.swift */; };
		6236A02A2B09ADDB002542E7 /* IconPicker.swift in Sources */ = {isa = PBXBuildFile; fileRef = 6236A0292B09ADDB002542E7 /* IconPicker.swift */; };
		6236A02C2B09AE37002542E7 /* PlayerIcon.swift in Sources */ = {isa = PBXBuildFile; fileRef = 6236A02B2B09AE37002542E7 /* PlayerIcon.swift */; };
		6236A02E2B09B2EA002542E7 /* PlayerHeader.swift in Sources */ = {isa = PBXBuildFile; fileRef = 6236A02D2B09B2EA002542E7 /* PlayerHeader.swift */; };
		6236A0302B0ACA78002542E7 /* ButtonStyles.swift in Sources */ = {isa = PBXBuildFile; fileRef = 6236A02F2B0ACA78002542E7 /* ButtonStyles.swift */; };
		6236A0322B0C0D32002542E7 /* SetupView.swift in Sources */ = {isa = PBXBuildFile; fileRef = 6236A0312B0C0D32002542E7 /* SetupView.swift */; };
		6236A0382B0C3D55002542E7 /* MainView.swift in Sources */ = {isa = PBXBuildFile; fileRef = 6236A0372B0C3D55002542E7 /* MainView.swift */; };
		6236A03C2B0C41A7002542E7 /* LocalGameView.swift in Sources */ = {isa = PBXBuildFile; fileRef = 6236A03B2B0C41A7002542E7 /* LocalGameView.swift */; };
		6236A03E2B0C4293002542E7 /* WaitingRoomView.swift in Sources */ = {isa = PBXBuildFile; fileRef = 6236A03D2B0C4293002542E7 /* WaitingRoomView.swift */; };
		6236A0402B0C4304002542E7 /* PlayerOverview.swift in Sources */ = {isa = PBXBuildFile; fileRef = 6236A03F2B0C4304002542E7 /* PlayerOverview.swift */; };
		6236A0422B101B35002542E7 /* PlayerResultsView.swift in Sources */ = {isa = PBXBuildFile; fileRef = 6236A0412B101B35002542E7 /* PlayerResultsView.swift */; };
		6236A0442B1534BA002542E7 /* PlayerLabel.swift in Sources */ = {isa = PBXBuildFile; fileRef = 6236A0432B1534BA002542E7 /* PlayerLabel.swift */; };
		6242613F2B000387001C5410 /* IrishPokerApp.swift in Sources */ = {isa = PBXBuildFile; fileRef = 6242613E2B000387001C5410 /* IrishPokerApp.swift */; };
		624261412B000387001C5410 /* PlayersTurnView.swift in Sources */ = {isa = PBXBuildFile; fileRef = 624261402B000387001C5410 /* PlayersTurnView.swift */; };
		624261432B000389001C5410 /* Assets.xcassets in Resources */ = {isa = PBXBuildFile; fileRef = 624261422B000389001C5410 /* Assets.xcassets */; };
		624261462B000389001C5410 /* Preview Assets.xcassets in Resources */ = {isa = PBXBuildFile; fileRef = 624261452B000389001C5410 /* Preview Assets.xcassets */; };
		6242614D2B0003A4001C5410 /* BigCard.swift in Sources */ = {isa = PBXBuildFile; fileRef = 6242614C2B0003A4001C5410 /* BigCard.swift */; };
		6242614F2B0144F5001C5410 /* Deck.swift in Sources */ = {isa = PBXBuildFile; fileRef = 6242614E2B0144F5001C5410 /* Deck.swift */; };
		627C61722B0429B500DE56A4 /* Card.swift in Sources */ = {isa = PBXBuildFile; fileRef = 627C61712B0429B500DE56A4 /* Card.swift */; };
		627C61742B042A7500DE56A4 /* MiniCard.swift in Sources */ = {isa = PBXBuildFile; fileRef = 627C61732B042A7500DE56A4 /* MiniCard.swift */; };
		627C61782B048F1A00DE56A4 /* GameView.swift in Sources */ = {isa = PBXBuildFile; fileRef = 627C61772B048F1A00DE56A4 /* GameView.swift */; };
		627C617F2B05877D00DE56A4 /* PlayerQueue.swift in Sources */ = {isa = PBXBuildFile; fileRef = 627C617E2B05877D00DE56A4 /* PlayerQueue.swift */; };
		627C61812B05878F00DE56A4 /* Game.swift in Sources */ = {isa = PBXBuildFile; fileRef = 627C61802B05878F00DE56A4 /* Game.swift */; };
		62FECDAD2B029E2300F13854 /* GiveView.swift in Sources */ = {isa = PBXBuildFile; fileRef = 62FECDAC2B029E2300F13854 /* GiveView.swift */; };
		62FECDAF2B02A08600F13854 /* Player.swift in Sources */ = {isa = PBXBuildFile; fileRef = 62FECDAE2B02A08600F13854 /* Player.swift */; };
		62FECDB12B03004400F13854 /* PlayerView.swift in Sources */ = {isa = PBXBuildFile; fileRef = 62FECDB02B03004400F13854 /* PlayerView.swift */; };
		62FECDB32B03143800F13854 /* TakeView.swift in Sources */ = {isa = PBXBuildFile; fileRef = 62FECDB22B03143800F13854 /* TakeView.swift */; };
		62FECDB52B0344FB00F13854 /* GiveTakeView.swift in Sources */ = {isa = PBXBuildFile; fileRef = 62FECDB42B0344FB00F13854 /* GiveTakeView.swift */; };
		62FECDB72B034FF200F13854 /* WaitView.swift in Sources */ = {isa = PBXBuildFile; fileRef = 62FECDB62B034FF200F13854 /* WaitView.swift */; };
/* End PBXBuildFile section */

/* Begin PBXFileReference section */
		622373AE2B084C94006990DD /* AnswerButtons.swift */ = {isa = PBXFileReference; lastKnownFileType = sourcecode.swift; path = AnswerButtons.swift; sourceTree = "<group>"; };
		622373B02B09897F006990DD /* ModifyPlayer.swift */ = {isa = PBXFileReference; lastKnownFileType = sourcecode.swift; path = ModifyPlayer.swift; sourceTree = "<group>"; };
		622373B22B098A53006990DD /* CustomColorPicker.swift */ = {isa = PBXFileReference; lastKnownFileType = sourcecode.swift; path = CustomColorPicker.swift; sourceTree = "<group>"; };
		6236A0292B09ADDB002542E7 /* IconPicker.swift */ = {isa = PBXFileReference; lastKnownFileType = sourcecode.swift; path = IconPicker.swift; sourceTree = "<group>"; };
		6236A02B2B09AE37002542E7 /* PlayerIcon.swift */ = {isa = PBXFileReference; lastKnownFileType = sourcecode.swift; path = PlayerIcon.swift; sourceTree = "<group>"; };
		6236A02D2B09B2EA002542E7 /* PlayerHeader.swift */ = {isa = PBXFileReference; lastKnownFileType = sourcecode.swift; path = PlayerHeader.swift; sourceTree = "<group>"; };
		6236A02F2B0ACA78002542E7 /* ButtonStyles.swift */ = {isa = PBXFileReference; lastKnownFileType = sourcecode.swift; path = ButtonStyles.swift; sourceTree = "<group>"; };
		6236A0312B0C0D32002542E7 /* SetupView.swift */ = {isa = PBXFileReference; lastKnownFileType = sourcecode.swift; path = SetupView.swift; sourceTree = "<group>"; };
		6236A0372B0C3D55002542E7 /* MainView.swift */ = {isa = PBXFileReference; lastKnownFileType = sourcecode.swift; path = MainView.swift; sourceTree = "<group>"; };
		6236A03B2B0C41A7002542E7 /* LocalGameView.swift */ = {isa = PBXFileReference; lastKnownFileType = sourcecode.swift; path = LocalGameView.swift; sourceTree = "<group>"; };
		6236A03D2B0C4293002542E7 /* WaitingRoomView.swift */ = {isa = PBXFileReference; lastKnownFileType = sourcecode.swift; path = WaitingRoomView.swift; sourceTree = "<group>"; };
		6236A03F2B0C4304002542E7 /* PlayerOverview.swift */ = {isa = PBXFileReference; lastKnownFileType = sourcecode.swift; path = PlayerOverview.swift; sourceTree = "<group>"; };
		6236A0412B101B35002542E7 /* PlayerResultsView.swift */ = {isa = PBXFileReference; lastKnownFileType = sourcecode.swift; path = PlayerResultsView.swift; sourceTree = "<group>"; };
		6236A0432B1534BA002542E7 /* PlayerLabel.swift */ = {isa = PBXFileReference; lastKnownFileType = sourcecode.swift; path = PlayerLabel.swift; sourceTree = "<group>"; };
		6242613B2B000387001C5410 /* IrishPoker.app */ = {isa = PBXFileReference; explicitFileType = wrapper.application; includeInIndex = 0; path = IrishPoker.app; sourceTree = BUILT_PRODUCTS_DIR; };
		6242613E2B000387001C5410 /* IrishPokerApp.swift */ = {isa = PBXFileReference; lastKnownFileType = sourcecode.swift; path = IrishPokerApp.swift; sourceTree = "<group>"; };
		624261402B000387001C5410 /* PlayersTurnView.swift */ = {isa = PBXFileReference; lastKnownFileType = sourcecode.swift; path = PlayersTurnView.swift; sourceTree = "<group>"; };
		624261422B000389001C5410 /* Assets.xcassets */ = {isa = PBXFileReference; lastKnownFileType = folder.assetcatalog; path = Assets.xcassets; sourceTree = "<group>"; };
		624261452B000389001C5410 /* Preview Assets.xcassets */ = {isa = PBXFileReference; lastKnownFileType = folder.assetcatalog; path = "Preview Assets.xcassets"; sourceTree = "<group>"; };
		6242614C2B0003A4001C5410 /* BigCard.swift */ = {isa = PBXFileReference; lastKnownFileType = sourcecode.swift; path = BigCard.swift; sourceTree = "<group>"; };
		6242614E2B0144F5001C5410 /* Deck.swift */ = {isa = PBXFileReference; lastKnownFileType = sourcecode.swift; path = Deck.swift; sourceTree = "<group>"; };
		627C61712B0429B500DE56A4 /* Card.swift */ = {isa = PBXFileReference; lastKnownFileType = sourcecode.swift; path = Card.swift; sourceTree = "<group>"; };
		627C61732B042A7500DE56A4 /* MiniCard.swift */ = {isa = PBXFileReference; lastKnownFileType = sourcecode.swift; path = MiniCard.swift; sourceTree = "<group>"; };
		627C61772B048F1A00DE56A4 /* GameView.swift */ = {isa = PBXFileReference; lastKnownFileType = sourcecode.swift; path = GameView.swift; sourceTree = "<group>"; };
		627C617E2B05877D00DE56A4 /* PlayerQueue.swift */ = {isa = PBXFileReference; lastKnownFileType = sourcecode.swift; path = PlayerQueue.swift; sourceTree = "<group>"; };
		627C61802B05878F00DE56A4 /* Game.swift */ = {isa = PBXFileReference; lastKnownFileType = sourcecode.swift; path = Game.swift; sourceTree = "<group>"; };
		62FECDAC2B029E2300F13854 /* GiveView.swift */ = {isa = PBXFileReference; lastKnownFileType = sourcecode.swift; path = GiveView.swift; sourceTree = "<group>"; };
		62FECDAE2B02A08600F13854 /* Player.swift */ = {isa = PBXFileReference; lastKnownFileType = sourcecode.swift; path = Player.swift; sourceTree = "<group>"; };
		62FECDB02B03004400F13854 /* PlayerView.swift */ = {isa = PBXFileReference; lastKnownFileType = sourcecode.swift; path = PlayerView.swift; sourceTree = "<group>"; };
		62FECDB22B03143800F13854 /* TakeView.swift */ = {isa = PBXFileReference; lastKnownFileType = sourcecode.swift; path = TakeView.swift; sourceTree = "<group>"; };
		62FECDB42B0344FB00F13854 /* GiveTakeView.swift */ = {isa = PBXFileReference; lastKnownFileType = sourcecode.swift; path = GiveTakeView.swift; sourceTree = "<group>"; };
		62FECDB62B034FF200F13854 /* WaitView.swift */ = {isa = PBXFileReference; lastKnownFileType = sourcecode.swift; path = WaitView.swift; sourceTree = "<group>"; };
/* End PBXFileReference section */

/* Begin PBXFrameworksBuildPhase section */
		624261382B000387001C5410 /* Frameworks */ = {
			isa = PBXFrameworksBuildPhase;
			buildActionMask = 2147483647;
			files = (
			);
			runOnlyForDeploymentPostprocessing = 0;
		};
/* End PBXFrameworksBuildPhase section */

/* Begin PBXGroup section */
		624261322B000387001C5410 = {
			isa = PBXGroup;
			children = (
				6242613D2B000387001C5410 /* IrishPoker */,
				6242613C2B000387001C5410 /* Products */,
			);
			sourceTree = "<group>";
		};
		6242613C2B000387001C5410 /* Products */ = {
			isa = PBXGroup;
			children = (
				6242613B2B000387001C5410 /* IrishPoker.app */,
			);
			name = Products;
			sourceTree = "<group>";
		};
		6242613D2B000387001C5410 /* IrishPoker */ = {
			isa = PBXGroup;
			children = (
				6242613E2B000387001C5410 /* IrishPokerApp.swift */,
				627C616E2B04292200DE56A4 /* View */,
				627C616F2B04295800DE56A4 /* SubView */,
				627C61702B04298C00DE56A4 /* Model */,
				624261422B000389001C5410 /* Assets.xcassets */,
				624261442B000389001C5410 /* Preview Content */,
			);
			path = IrishPoker;
			sourceTree = "<group>";
		};
		624261442B000389001C5410 /* Preview Content */ = {
			isa = PBXGroup;
			children = (
				624261452B000389001C5410 /* Preview Assets.xcassets */,
			);
			path = "Preview Content";
			sourceTree = "<group>";
		};
		627C616E2B04292200DE56A4 /* View */ = {
			isa = PBXGroup;
			children = (
				6236A0372B0C3D55002542E7 /* MainView.swift */,
				6236A0312B0C0D32002542E7 /* SetupView.swift */,
				622373B02B09897F006990DD /* ModifyPlayer.swift */,
				6236A03D2B0C4293002542E7 /* WaitingRoomView.swift */,
				627C61772B048F1A00DE56A4 /* GameView.swift */,
				6236A03B2B0C41A7002542E7 /* LocalGameView.swift */,
				62FECDB02B03004400F13854 /* PlayerView.swift */,
				624261402B000387001C5410 /* PlayersTurnView.swift */,
				62FECDB42B0344FB00F13854 /* GiveTakeView.swift */,
				62FECDB62B034FF200F13854 /* WaitView.swift */,
				62FECDAC2B029E2300F13854 /* GiveView.swift */,
				62FECDB22B03143800F13854 /* TakeView.swift */,
				6236A0412B101B35002542E7 /* PlayerResultsView.swift */,
			);
			path = View;
			sourceTree = "<group>";
		};
		627C616F2B04295800DE56A4 /* SubView */ = {
			isa = PBXGroup;
			children = (
				6242614C2B0003A4001C5410 /* BigCard.swift */,
				627C61732B042A7500DE56A4 /* MiniCard.swift */,
				622373AE2B084C94006990DD /* AnswerButtons.swift */,
				622373B22B098A53006990DD /* CustomColorPicker.swift */,
				6236A0292B09ADDB002542E7 /* IconPicker.swift */,
				6236A02B2B09AE37002542E7 /* PlayerIcon.swift */,
				6236A02D2B09B2EA002542E7 /* PlayerHeader.swift */,
				6236A02F2B0ACA78002542E7 /* ButtonStyles.swift */,
				6236A03F2B0C4304002542E7 /* PlayerOverview.swift */,
				6236A0432B1534BA002542E7 /* PlayerLabel.swift */,
			);
			path = SubView;
			sourceTree = "<group>";
		};
		627C61702B04298C00DE56A4 /* Model */ = {
			isa = PBXGroup;
			children = (
				62FECDAE2B02A08600F13854 /* Player.swift */,
				6242614E2B0144F5001C5410 /* Deck.swift */,
				627C61712B0429B500DE56A4 /* Card.swift */,
				627C617E2B05877D00DE56A4 /* PlayerQueue.swift */,
				627C61802B05878F00DE56A4 /* Game.swift */,
			);
			path = Model;
			sourceTree = "<group>";
		};
/* End PBXGroup section */

/* Begin PBXNativeTarget section */
		6242613A2B000387001C5410 /* IrishPoker */ = {
			isa = PBXNativeTarget;
			buildConfigurationList = 624261492B000389001C5410 /* Build configuration list for PBXNativeTarget "IrishPoker" */;
			buildPhases = (
				624261372B000387001C5410 /* Sources */,
				624261382B000387001C5410 /* Frameworks */,
				624261392B000387001C5410 /* Resources */,
			);
			buildRules = (
			);
			dependencies = (
			);
			name = IrishPoker;
			productName = IrishPoker;
			productReference = 6242613B2B000387001C5410 /* IrishPoker.app */;
			productType = "com.apple.product-type.application";
		};
/* End PBXNativeTarget section */

/* Begin PBXProject section */
		624261332B000387001C5410 /* Project object */ = {
			isa = PBXProject;
			attributes = {
				BuildIndependentTargetsInParallel = 1;
				LastSwiftUpdateCheck = 1500;
				LastUpgradeCheck = 1500;
				TargetAttributes = {
					6242613A2B000387001C5410 = {
						CreatedOnToolsVersion = 15.0;
					};
				};
			};
			buildConfigurationList = 624261362B000387001C5410 /* Build configuration list for PBXProject "IrishPoker" */;
			compatibilityVersion = "Xcode 14.0";
			developmentRegion = en;
			hasScannedForEncodings = 0;
			knownRegions = (
				en,
				Base,
			);
			mainGroup = 624261322B000387001C5410;
			productRefGroup = 6242613C2B000387001C5410 /* Products */;
			projectDirPath = "";
			projectRoot = "";
			targets = (
				6242613A2B000387001C5410 /* IrishPoker */,
			);
		};
/* End PBXProject section */

/* Begin PBXResourcesBuildPhase section */
		624261392B000387001C5410 /* Resources */ = {
			isa = PBXResourcesBuildPhase;
			buildActionMask = 2147483647;
			files = (
				624261462B000389001C5410 /* Preview Assets.xcassets in Resources */,
				624261432B000389001C5410 /* Assets.xcassets in Resources */,
			);
			runOnlyForDeploymentPostprocessing = 0;
		};
/* End PBXResourcesBuildPhase section */

/* Begin PBXSourcesBuildPhase section */
		624261372B000387001C5410 /* Sources */ = {
			isa = PBXSourcesBuildPhase;
			buildActionMask = 2147483647;
			files = (
				6242614F2B0144F5001C5410 /* Deck.swift in Sources */,
				6236A0382B0C3D55002542E7 /* MainView.swift in Sources */,
				6236A02C2B09AE37002542E7 /* PlayerIcon.swift in Sources */,
				627C61812B05878F00DE56A4 /* Game.swift in Sources */,
				62FECDB32B03143800F13854 /* TakeView.swift in Sources */,
				62FECDAD2B029E2300F13854 /* GiveView.swift in Sources */,
				624261412B000387001C5410 /* PlayersTurnView.swift in Sources */,
				6236A0302B0ACA78002542E7 /* ButtonStyles.swift in Sources */,
				6236A02A2B09ADDB002542E7 /* IconPicker.swift in Sources */,
				622373B32B098A53006990DD /* CustomColorPicker.swift in Sources */,
				6242614D2B0003A4001C5410 /* BigCard.swift in Sources */,
				6236A0402B0C4304002542E7 /* PlayerOverview.swift in Sources */,
				627C61742B042A7500DE56A4 /* MiniCard.swift in Sources */,
				6236A0422B101B35002542E7 /* PlayerResultsView.swift in Sources */,
				627C61782B048F1A00DE56A4 /* GameView.swift in Sources */,
				62FECDAF2B02A08600F13854 /* Player.swift in Sources */,
				6236A02E2B09B2EA002542E7 /* PlayerHeader.swift in Sources */,
				622373AF2B084C94006990DD /* AnswerButtons.swift in Sources */,
				622373B12B09897F006990DD /* ModifyPlayer.swift in Sources */,
				6236A0442B1534BA002542E7 /* PlayerLabel.swift in Sources */,
				62FECDB52B0344FB00F13854 /* GiveTakeView.swift in Sources */,
				62FECDB72B034FF200F13854 /* WaitView.swift in Sources */,
				6236A03C2B0C41A7002542E7 /* LocalGameView.swift in Sources */,
				6242613F2B000387001C5410 /* IrishPokerApp.swift in Sources */,
				62FECDB12B03004400F13854 /* PlayerView.swift in Sources */,
				627C617F2B05877D00DE56A4 /* PlayerQueue.swift in Sources */,
				6236A03E2B0C4293002542E7 /* WaitingRoomView.swift in Sources */,
				6236A0322B0C0D32002542E7 /* SetupView.swift in Sources */,
				627C61722B0429B500DE56A4 /* Card.swift in Sources */,
			);
			runOnlyForDeploymentPostprocessing = 0;
		};
/* End PBXSourcesBuildPhase section */

/* Begin XCBuildConfiguration section */
		624261472B000389001C5410 /* Debug */ = {
			isa = XCBuildConfiguration;
			buildSettings = {
				ALWAYS_SEARCH_USER_PATHS = NO;
				ASSETCATALOG_COMPILER_GENERATE_SWIFT_ASSET_SYMBOL_EXTENSIONS = YES;
				CLANG_ANALYZER_NONNULL = YES;
				CLANG_ANALYZER_NUMBER_OBJECT_CONVERSION = YES_AGGRESSIVE;
				CLANG_CXX_LANGUAGE_STANDARD = "gnu++20";
				CLANG_ENABLE_MODULES = YES;
				CLANG_ENABLE_OBJC_ARC = YES;
				CLANG_ENABLE_OBJC_WEAK = YES;
				CLANG_WARN_BLOCK_CAPTURE_AUTORELEASING = YES;
				CLANG_WARN_BOOL_CONVERSION = YES;
				CLANG_WARN_COMMA = YES;
				CLANG_WARN_CONSTANT_CONVERSION = YES;
				CLANG_WARN_DEPRECATED_OBJC_IMPLEMENTATIONS = YES;
				CLANG_WARN_DIRECT_OBJC_ISA_USAGE = YES_ERROR;
				CLANG_WARN_DOCUMENTATION_COMMENTS = YES;
				CLANG_WARN_EMPTY_BODY = YES;
				CLANG_WARN_ENUM_CONVERSION = YES;
				CLANG_WARN_INFINITE_RECURSION = YES;
				CLANG_WARN_INT_CONVERSION = YES;
				CLANG_WARN_NON_LITERAL_NULL_CONVERSION = YES;
				CLANG_WARN_OBJC_IMPLICIT_RETAIN_SELF = YES;
				CLANG_WARN_OBJC_LITERAL_CONVERSION = YES;
				CLANG_WARN_OBJC_ROOT_CLASS = YES_ERROR;
				CLANG_WARN_QUOTED_INCLUDE_IN_FRAMEWORK_HEADER = YES;
				CLANG_WARN_RANGE_LOOP_ANALYSIS = YES;
				CLANG_WARN_STRICT_PROTOTYPES = YES;
				CLANG_WARN_SUSPICIOUS_MOVE = YES;
				CLANG_WARN_UNGUARDED_AVAILABILITY = YES_AGGRESSIVE;
				CLANG_WARN_UNREACHABLE_CODE = YES;
				CLANG_WARN__DUPLICATE_METHOD_MATCH = YES;
				COPY_PHASE_STRIP = NO;
				DEBUG_INFORMATION_FORMAT = dwarf;
				ENABLE_STRICT_OBJC_MSGSEND = YES;
				ENABLE_TESTABILITY = YES;
				ENABLE_USER_SCRIPT_SANDBOXING = YES;
				GCC_C_LANGUAGE_STANDARD = gnu17;
				GCC_DYNAMIC_NO_PIC = NO;
				GCC_NO_COMMON_BLOCKS = YES;
				GCC_OPTIMIZATION_LEVEL = 0;
				GCC_PREPROCESSOR_DEFINITIONS = (
					"DEBUG=1",
					"$(inherited)",
				);
				GCC_WARN_64_TO_32_BIT_CONVERSION = YES;
				GCC_WARN_ABOUT_RETURN_TYPE = YES_ERROR;
				GCC_WARN_UNDECLARED_SELECTOR = YES;
				GCC_WARN_UNINITIALIZED_AUTOS = YES_AGGRESSIVE;
				GCC_WARN_UNUSED_FUNCTION = YES;
				GCC_WARN_UNUSED_VARIABLE = YES;
				IPHONEOS_DEPLOYMENT_TARGET = 17.0;
				LOCALIZATION_PREFERS_STRING_CATALOGS = YES;
				MTL_ENABLE_DEBUG_INFO = INCLUDE_SOURCE;
				MTL_FAST_MATH = YES;
				ONLY_ACTIVE_ARCH = YES;
				SDKROOT = iphoneos;
				SWIFT_ACTIVE_COMPILATION_CONDITIONS = "DEBUG $(inherited)";
				SWIFT_OPTIMIZATION_LEVEL = "-Onone";
			};
			name = Debug;
		};
		624261482B000389001C5410 /* Release */ = {
			isa = XCBuildConfiguration;
			buildSettings = {
				ALWAYS_SEARCH_USER_PATHS = NO;
				ASSETCATALOG_COMPILER_GENERATE_SWIFT_ASSET_SYMBOL_EXTENSIONS = YES;
				CLANG_ANALYZER_NONNULL = YES;
				CLANG_ANALYZER_NUMBER_OBJECT_CONVERSION = YES_AGGRESSIVE;
				CLANG_CXX_LANGUAGE_STANDARD = "gnu++20";
				CLANG_ENABLE_MODULES = YES;
				CLANG_ENABLE_OBJC_ARC = YES;
				CLANG_ENABLE_OBJC_WEAK = YES;
				CLANG_WARN_BLOCK_CAPTURE_AUTORELEASING = YES;
				CLANG_WARN_BOOL_CONVERSION = YES;
				CLANG_WARN_COMMA = YES;
				CLANG_WARN_CONSTANT_CONVERSION = YES;
				CLANG_WARN_DEPRECATED_OBJC_IMPLEMENTATIONS = YES;
				CLANG_WARN_DIRECT_OBJC_ISA_USAGE = YES_ERROR;
				CLANG_WARN_DOCUMENTATION_COMMENTS = YES;
				CLANG_WARN_EMPTY_BODY = YES;
				CLANG_WARN_ENUM_CONVERSION = YES;
				CLANG_WARN_INFINITE_RECURSION = YES;
				CLANG_WARN_INT_CONVERSION = YES;
				CLANG_WARN_NON_LITERAL_NULL_CONVERSION = YES;
				CLANG_WARN_OBJC_IMPLICIT_RETAIN_SELF = YES;
				CLANG_WARN_OBJC_LITERAL_CONVERSION = YES;
				CLANG_WARN_OBJC_ROOT_CLASS = YES_ERROR;
				CLANG_WARN_QUOTED_INCLUDE_IN_FRAMEWORK_HEADER = YES;
				CLANG_WARN_RANGE_LOOP_ANALYSIS = YES;
				CLANG_WARN_STRICT_PROTOTYPES = YES;
				CLANG_WARN_SUSPICIOUS_MOVE = YES;
				CLANG_WARN_UNGUARDED_AVAILABILITY = YES_AGGRESSIVE;
				CLANG_WARN_UNREACHABLE_CODE = YES;
				CLANG_WARN__DUPLICATE_METHOD_MATCH = YES;
				COPY_PHASE_STRIP = NO;
				DEBUG_INFORMATION_FORMAT = "dwarf-with-dsym";
				ENABLE_NS_ASSERTIONS = NO;
				ENABLE_STRICT_OBJC_MSGSEND = YES;
				ENABLE_USER_SCRIPT_SANDBOXING = YES;
				GCC_C_LANGUAGE_STANDARD = gnu17;
				GCC_NO_COMMON_BLOCKS = YES;
				GCC_WARN_64_TO_32_BIT_CONVERSION = YES;
				GCC_WARN_ABOUT_RETURN_TYPE = YES_ERROR;
				GCC_WARN_UNDECLARED_SELECTOR = YES;
				GCC_WARN_UNINITIALIZED_AUTOS = YES_AGGRESSIVE;
				GCC_WARN_UNUSED_FUNCTION = YES;
				GCC_WARN_UNUSED_VARIABLE = YES;
				IPHONEOS_DEPLOYMENT_TARGET = 17.0;
				LOCALIZATION_PREFERS_STRING_CATALOGS = YES;
				MTL_ENABLE_DEBUG_INFO = NO;
				MTL_FAST_MATH = YES;
				SDKROOT = iphoneos;
				SWIFT_COMPILATION_MODE = wholemodule;
				VALIDATE_PRODUCT = YES;
			};
			name = Release;
		};
		6242614A2B000389001C5410 /* Debug */ = {
			isa = XCBuildConfiguration;
			buildSettings = {
				ASSETCATALOG_COMPILER_APPICON_NAME = AppIcon;
				ASSETCATALOG_COMPILER_GLOBAL_ACCENT_COLOR_NAME = AccentColor;
				CODE_SIGN_STYLE = Automatic;
				CURRENT_PROJECT_VERSION = 1;
				DEVELOPMENT_ASSET_PATHS = "\"IrishPoker/Preview Content\"";
				DEVELOPMENT_TEAM = 49HBQH4LWP;
				ENABLE_PREVIEWS = YES;
				GENERATE_INFOPLIST_FILE = YES;
				INFOPLIST_KEY_UIApplicationSceneManifest_Generation = YES;
				INFOPLIST_KEY_UIApplicationSupportsIndirectInputEvents = YES;
				INFOPLIST_KEY_UILaunchScreen_Generation = YES;
				INFOPLIST_KEY_UISupportedInterfaceOrientations_iPad = "UIInterfaceOrientationPortrait UIInterfaceOrientationPortraitUpsideDown UIInterfaceOrientationLandscapeLeft UIInterfaceOrientationLandscapeRight";
				INFOPLIST_KEY_UISupportedInterfaceOrientations_iPhone = "UIInterfaceOrientationPortrait UIInterfaceOrientationLandscapeLeft UIInterfaceOrientationLandscapeRight";
				LD_RUNPATH_SEARCH_PATHS = (
					"$(inherited)",
					"@executable_path/Frameworks",
				);
				MARKETING_VERSION = 1.0;
				PRODUCT_BUNDLE_IDENTIFIER = com.JeremyManlangit.IrishPoker;
				PRODUCT_NAME = "$(TARGET_NAME)";
				SWIFT_EMIT_LOC_STRINGS = YES;
				SWIFT_VERSION = 5.0;
				TARGETED_DEVICE_FAMILY = "1,2";
			};
			name = Debug;
		};
		6242614B2B000389001C5410 /* Release */ = {
			isa = XCBuildConfiguration;
			buildSettings = {
				ASSETCATALOG_COMPILER_APPICON_NAME = AppIcon;
				ASSETCATALOG_COMPILER_GLOBAL_ACCENT_COLOR_NAME = AccentColor;
				CODE_SIGN_STYLE = Automatic;
				CURRENT_PROJECT_VERSION = 1;
				DEVELOPMENT_ASSET_PATHS = "\"IrishPoker/Preview Content\"";
				DEVELOPMENT_TEAM = 49HBQH4LWP;
				ENABLE_PREVIEWS = YES;
				GENERATE_INFOPLIST_FILE = YES;
				INFOPLIST_KEY_UIApplicationSceneManifest_Generation = YES;
				INFOPLIST_KEY_UIApplicationSupportsIndirectInputEvents = YES;
				INFOPLIST_KEY_UILaunchScreen_Generation = YES;
				INFOPLIST_KEY_UISupportedInterfaceOrientations_iPad = "UIInterfaceOrientationPortrait UIInterfaceOrientationPortraitUpsideDown UIInterfaceOrientationLandscapeLeft UIInterfaceOrientationLandscapeRight";
				INFOPLIST_KEY_UISupportedInterfaceOrientations_iPhone = "UIInterfaceOrientationPortrait UIInterfaceOrientationLandscapeLeft UIInterfaceOrientationLandscapeRight";
				LD_RUNPATH_SEARCH_PATHS = (
					"$(inherited)",
					"@executable_path/Frameworks",
				);
				MARKETING_VERSION = 1.0;
				PRODUCT_BUNDLE_IDENTIFIER = com.JeremyManlangit.IrishPoker;
				PRODUCT_NAME = "$(TARGET_NAME)";
				SWIFT_EMIT_LOC_STRINGS = YES;
				SWIFT_VERSION = 5.0;
				TARGETED_DEVICE_FAMILY = "1,2";
			};
			name = Release;
		};
/* End XCBuildConfiguration section */

/* Begin XCConfigurationList section */
		624261362B000387001C5410 /* Build configuration list for PBXProject "IrishPoker" */ = {
			isa = XCConfigurationList;
			buildConfigurations = (
				624261472B000389001C5410 /* Debug */,
				624261482B000389001C5410 /* Release */,
			);
			defaultConfigurationIsVisible = 0;
			defaultConfigurationName = Release;
		};
		624261492B000389001C5410 /* Build configuration list for PBXNativeTarget "IrishPoker" */ = {
			isa = XCConfigurationList;
			buildConfigurations = (
				6242614A2B000389001C5410 /* Debug */,
				6242614B2B000389001C5410 /* Release */,
			);
			defaultConfigurationIsVisible = 0;
			defaultConfigurationName = Release;
		};
/* End XCConfigurationList section */
	};
	rootObject = 624261332B000387001C5410 /* Project object */;
}
